
Microsoft Visual Studio Solution File, Format Version 12.00
# Visual Studio 15
VisualStudioVersion = 15.0.28010.2026
MinimumVisualStudioVersion = 10.0.40219.1
Project("{FAE04EC0-301F-11D3-BF4B-00C04F79EFBC}") = "PRESENTACION", "PRESENTACION\PRESENTACION.csproj", "{E7DF048E-A18E-436F-ABF1-12029017B9A4}"
EndProject
Global
	GlobalSection(SolutionConfigurationPlatforms) = preSolution
		Debug|Any CPU = Debug|Any CPU
		Release|Any CPU = Release|Any CPU
	EndGlobalSection
	GlobalSection(ProjectConfigurationPlatforms) = postSolution
		{E7DF048E-A18E-436F-ABF1-12029017B9A4}.Debug|Any CPU.ActiveCfg = Debug|Any CPU
		{E7DF048E-A18E-436F-ABF1-12029017B9A4}.Debug|Any CPU.Build.0 = Debug|Any CPU
		{E7DF048E-A18E-436F-ABF1-12029017B9A4}.Release|Any CPU.ActiveCfg = Release|Any CPU
		{E7DF048E-A18E-436F-ABF1-12029017B9A4}.Release|Any CPU.Build.0 = Release|Any CPU
	EndGlobalSection
	GlobalSection(SolutionProperties) = preSolution
		HideSolutionNode = FALSE
	EndGlobalSection
	GlobalSection(ExtensibilityGlobals) = postSolution
		SolutionGuid = {EB34F69F-1F86-4A58-92C0-D8AA76D5CD57}
	EndGlobalSection
EndGlobal
